
Microsoft Visual Studio Solution File, Format Version 12.00
# Visual Studio Version 17
VisualStudioVersion = 17.3.32825.248
MinimumVisualStudioVersion = 10.0.40219.1
Project("{2150E333-8FDC-42A3-9474-1A3956D46DE8}") = "src", "src", "{062DB27A-4665-4182-AA03-2AE3E38C8662}"
	ProjectSection(SolutionItems) = preProject
		src\docker-compose.yml = src\docker-compose.yml
	EndProjectSection
EndProject
Project("{2150E333-8FDC-42A3-9474-1A3956D46DE8}") = "tests", "tests", "{69ECE475-5EBB-4901-8706-69CAC01C760E}"
EndProject
Project("{9A19103F-16F7-4668-BE54-9A1E7A4F7556}") = "WK.Catalog.UnitTests", "tests\WK.Catalog.UnitTests\WK.Catalog.UnitTests.csproj", "{42EB7F9B-E014-4216-BBD4-406A6C39ADEB}"
EndProject
Project("{9A19103F-16F7-4668-BE54-9A1E7A4F7556}") = "WK.Catalog.Domain", "src\WK.Catalog.Domain\WK.Catalog.Domain.csproj", "{F09F19F9-447E-40F2-89FC-4AF9F4B4A6E4}"
EndProject
Project("{9A19103F-16F7-4668-BE54-9A1E7A4F7556}") = "WK.Catalog.Application", "src\WK.Catalog.Application\WK.Catalog.Application.csproj", "{6D4C504A-BE95-46FA-A049-FE5ED3115873}"
	ProjectSection(ProjectDependencies) = postProject
		{F09F19F9-447E-40F2-89FC-4AF9F4B4A6E4} = {F09F19F9-447E-40F2-89FC-4AF9F4B4A6E4}
	EndProjectSection
EndProject
Project("{9A19103F-16F7-4668-BE54-9A1E7A4F7556}") = "WK.Catalog.IntegrationTests", "tests\WK.Catalog.IntegrationTests\WK.Catalog.IntegrationTests.csproj", "{824AFC84-7E6E-4200-BE8D-BAB23BEC4D04}"
EndProject
Project("{9A19103F-16F7-4668-BE54-9A1E7A4F7556}") = "WK.Catalog.Infra.Data.EF", "src\WK.Catalog.Infra.Data.EF\WK.Catalog.Infra.Data.EF.csproj", "{459670AE-1027-4977-BAB6-7B4475590D25}"
EndProject
Project("{9A19103F-16F7-4668-BE54-9A1E7A4F7556}") = "WK.Catalog.Api", "src\WK.Catalog.Api\WK.Catalog.Api.csproj", "{C9D648EF-7AFE-404F-A95D-33B73D62A36B}"
EndProject
Project("{9A19103F-16F7-4668-BE54-9A1E7A4F7556}") = "WK.Catalog.Web", "src\WK.Catalog.Web\WK.Catalog.Web.csproj", "{65B2A983-F1E6-456F-8CEC-B165C7D7CD42}"
EndProject
Global
	GlobalSection(SolutionConfigurationPlatforms) = preSolution
		Debug|Any CPU = Debug|Any CPU
		Release|Any CPU = Release|Any CPU
	EndGlobalSection
	GlobalSection(ProjectConfigurationPlatforms) = postSolution
		{42EB7F9B-E014-4216-BBD4-406A6C39ADEB}.Debug|Any CPU.ActiveCfg = Debug|Any CPU
		{42EB7F9B-E014-4216-BBD4-406A6C39ADEB}.Debug|Any CPU.Build.0 = Debug|Any CPU
		{42EB7F9B-E014-4216-BBD4-406A6C39ADEB}.Release|Any CPU.ActiveCfg = Release|Any CPU
		{42EB7F9B-E014-4216-BBD4-406A6C39ADEB}.Release|Any CPU.Build.0 = Release|Any CPU
		{F09F19F9-447E-40F2-89FC-4AF9F4B4A6E4}.Debug|Any CPU.ActiveCfg = Debug|Any CPU
		{F09F19F9-447E-40F2-89FC-4AF9F4B4A6E4}.Debug|Any CPU.Build.0 = Debug|Any CPU
		{F09F19F9-447E-40F2-89FC-4AF9F4B4A6E4}.Release|Any CPU.ActiveCfg = Release|Any CPU
		{F09F19F9-447E-40F2-89FC-4AF9F4B4A6E4}.Release|Any CPU.Build.0 = Release|Any CPU
		{6D4C504A-BE95-46FA-A049-FE5ED3115873}.Debug|Any CPU.ActiveCfg = Debug|Any CPU
		{6D4C504A-BE95-46FA-A049-FE5ED3115873}.Debug|Any CPU.Build.0 = Debug|Any CPU
		{6D4C504A-BE95-46FA-A049-FE5ED3115873}.Release|Any CPU.ActiveCfg = Release|Any CPU
		{6D4C504A-BE95-46FA-A049-FE5ED3115873}.Release|Any CPU.Build.0 = Release|Any CPU
		{824AFC84-7E6E-4200-BE8D-BAB23BEC4D04}.Debug|Any CPU.ActiveCfg = Debug|Any CPU
		{824AFC84-7E6E-4200-BE8D-BAB23BEC4D04}.Debug|Any CPU.Build.0 = Debug|Any CPU
		{824AFC84-7E6E-4200-BE8D-BAB23BEC4D04}.Release|Any CPU.ActiveCfg = Release|Any CPU
		{824AFC84-7E6E-4200-BE8D-BAB23BEC4D04}.Release|Any CPU.Build.0 = Release|Any CPU
		{459670AE-1027-4977-BAB6-7B4475590D25}.Debug|Any CPU.ActiveCfg = Debug|Any CPU
		{459670AE-1027-4977-BAB6-7B4475590D25}.Debug|Any CPU.Build.0 = Debug|Any CPU
		{459670AE-1027-4977-BAB6-7B4475590D25}.Release|Any CPU.ActiveCfg = Release|Any CPU
		{459670AE-1027-4977-BAB6-7B4475590D25}.Release|Any CPU.Build.0 = Release|Any CPU
		{C9D648EF-7AFE-404F-A95D-33B73D62A36B}.Debug|Any CPU.ActiveCfg = Debug|Any CPU
		{C9D648EF-7AFE-404F-A95D-33B73D62A36B}.Debug|Any CPU.Build.0 = Debug|Any CPU
		{C9D648EF-7AFE-404F-A95D-33B73D62A36B}.Release|Any CPU.ActiveCfg = Release|Any CPU
		{C9D648EF-7AFE-404F-A95D-33B73D62A36B}.Release|Any CPU.Build.0 = Release|Any CPU
		{65B2A983-F1E6-456F-8CEC-B165C7D7CD42}.Debug|Any CPU.ActiveCfg = Debug|Any CPU
		{65B2A983-F1E6-456F-8CEC-B165C7D7CD42}.Debug|Any CPU.Build.0 = Debug|Any CPU
		{65B2A983-F1E6-456F-8CEC-B165C7D7CD42}.Release|Any CPU.ActiveCfg = Release|Any CPU
		{65B2A983-F1E6-456F-8CEC-B165C7D7CD42}.Release|Any CPU.Build.0 = Release|Any CPU
	EndGlobalSection
	GlobalSection(SolutionProperties) = preSolution
		HideSolutionNode = FALSE
	EndGlobalSection
	GlobalSection(NestedProjects) = preSolution
		{42EB7F9B-E014-4216-BBD4-406A6C39ADEB} = {69ECE475-5EBB-4901-8706-69CAC01C760E}
		{F09F19F9-447E-40F2-89FC-4AF9F4B4A6E4} = {062DB27A-4665-4182-AA03-2AE3E38C8662}
		{6D4C504A-BE95-46FA-A049-FE5ED3115873} = {062DB27A-4665-4182-AA03-2AE3E38C8662}
		{824AFC84-7E6E-4200-BE8D-BAB23BEC4D04} = {69ECE475-5EBB-4901-8706-69CAC01C760E}
		{459670AE-1027-4977-BAB6-7B4475590D25} = {062DB27A-4665-4182-AA03-2AE3E38C8662}
		{C9D648EF-7AFE-404F-A95D-33B73D62A36B} = {062DB27A-4665-4182-AA03-2AE3E38C8662}
		{65B2A983-F1E6-456F-8CEC-B165C7D7CD42} = {062DB27A-4665-4182-AA03-2AE3E38C8662}
	EndGlobalSection
	GlobalSection(ExtensibilityGlobals) = postSolution
		SolutionGuid = {CB57FC4D-3FFD-482C-A70B-6D7439909BEB}
	EndGlobalSection
EndGlobal
